
Microsoft Visual Studio Solution File, Format Version 12.00
# Visual Studio Version 17
VisualStudioVersion = 17.5.002.0
MinimumVisualStudioVersion = 10.0.40219.1
Project("{9A19103F-16F7-4668-BE54-9A1E7A4F7556}") = "ShopLaptop", "ShopLaptop.csproj", "{78EA8931-AC97-4655-9BC0-8808ED0EBB91}"
EndProject
Global
	GlobalSection(SolutionConfigurationPlatforms) = preSolution
		Debug|Any CPU = Debug|Any CPU
		Release|Any CPU = Release|Any CPU
	EndGlobalSection
	GlobalSection(ProjectConfigurationPlatforms) = postSolution
		{78EA8931-AC97-4655-9BC0-8808ED0EBB91}.Debug|Any CPU.ActiveCfg = Debug|Any CPU
		{78EA8931-AC97-4655-9BC0-8808ED0EBB91}.Debug|Any CPU.Build.0 = Debug|Any CPU
		{78EA8931-AC97-4655-9BC0-8808ED0EBB91}.Release|Any CPU.ActiveCfg = Release|Any CPU
		{78EA8931-AC97-4655-9BC0-8808ED0EBB91}.Release|Any CPU.Build.0 = Release|Any CPU
	EndGlobalSection
	GlobalSection(SolutionProperties) = preSolution
		HideSolutionNode = FALSE
	EndGlobalSection
	GlobalSection(ExtensibilityGlobals) = postSolution
		SolutionGuid = {B7F40E49-E9B5-4E22-BCF5-26815806CE42}
	EndGlobalSection
EndGlobal
